
Microsoft Visual Studio Solution File, Format Version 12.00
# Visual Studio Version 17
VisualStudioVersion = 17.5.33530.505
MinimumVisualStudioVersion = 10.0.40219.1
Project("{FAE04EC0-301F-11D3-BF4B-00C04F79EFBC}") = "DiscordBot", "DiscordBot\DiscordBot.csproj", "{44E6BFF6-30C3-4FB3-8993-D5270DDF7BAE}"
EndProject
Global
	GlobalSection(SolutionConfigurationPlatforms) = preSolution
		Debug|Any CPU = Debug|Any CPU
		Release|Any CPU = Release|Any CPU
	EndGlobalSection
	GlobalSection(ProjectConfigurationPlatforms) = postSolution
		{44E6BFF6-30C3-4FB3-8993-D5270DDF7BAE}.Debug|Any CPU.ActiveCfg = Debug|Any CPU
		{44E6BFF6-30C3-4FB3-8993-D5270DDF7BAE}.Debug|Any CPU.Build.0 = Debug|Any CPU
		{44E6BFF6-30C3-4FB3-8993-D5270DDF7BAE}.Release|Any CPU.ActiveCfg = Release|Any CPU
		{44E6BFF6-30C3-4FB3-8993-D5270DDF7BAE}.Release|Any CPU.Build.0 = Release|Any CPU
	EndGlobalSection
	GlobalSection(SolutionProperties) = preSolution
		HideSolutionNode = FALSE
	EndGlobalSection
	GlobalSection(ExtensibilityGlobals) = postSolution
		SolutionGuid = {F46FFD28-A0F1-479F-8EA8-002C319400A5}
	EndGlobalSection
EndGlobal
