
Microsoft Visual Studio Solution File, Format Version 12.00
Project("{FAE04EC0-301F-11D3-BF4B-00C04F79EFBC}") = "DiscordBot", "DiscordCsharp\DiscordBot.csproj", "{333F9982-8D1B-43C6-8E6A-9384EA2D4FF3}"
EndProject
Global
	GlobalSection(SolutionConfigurationPlatforms) = preSolution
		Debug|Any CPU = Debug|Any CPU
		Release|Any CPU = Release|Any CPU
	EndGlobalSection
	GlobalSection(ProjectConfigurationPlatforms) = postSolution
		{333F9982-8D1B-43C6-8E6A-9384EA2D4FF3}.Debug|Any CPU.ActiveCfg = Debug|Any CPU
		{333F9982-8D1B-43C6-8E6A-9384EA2D4FF3}.Debug|Any CPU.Build.0 = Debug|Any CPU
		{333F9982-8D1B-43C6-8E6A-9384EA2D4FF3}.Release|Any CPU.ActiveCfg = Release|Any CPU
		{333F9982-8D1B-43C6-8E6A-9384EA2D4FF3}.Release|Any CPU.Build.0 = Release|Any CPU
	EndGlobalSection
EndGlobal
